{
  "version": 4,
  "terraform_version": "0.13.5",
  "serial": 1,
  "lineage": "d326d5b7-05d5-1633-18b0-1f1019c4fc64",
  "outputs": {},
  "resources": [
    {
      "mode": "managed",
      "type": "oci_core_vcn",
      "name": "teste_vcn",
      "provider": "provider[\"registry.terraform.io/hashicorp/oci\"]",
      "instances": [
        {
          "schema_version": 0,
          "attributes": {
            "cidr_block": "10.1.0.0/16",
            "cidr_blocks": [
              "10.1.0.0/16"
            ],
            "compartment_id": "ocid1.compartment.oc1..aaaaaaaanp7gm5t3o7pgllca7n6t3lqm3mvpdkmgp54nkqggah3ej7wiyrcq",
            "default_dhcp_options_id": "ocid1.dhcpoptions.oc1.sa-saopaulo-1.aaaaaaaa5hx6qy7buubisks7nah7sdpcl2jwsw3gsliduj7owwybscmwfczq",
            "default_route_table_id": "ocid1.routetable.oc1.sa-saopaulo-1.aaaaaaaar4cjl4rf2d2ttosiuiivytk4zgxst7hzjb3tk6lzg2udtwzhc6ma",
            "default_security_list_id": "ocid1.securitylist.oc1.sa-saopaulo-1.aaaaaaaazygpurtwkrxpv2bxpycessv522y3jdfqes7yyvzoewavx55teq3a",
            "defined_tags": {
              "Oracle-Tags.CreatedBy": "oracleidentitycloudservice/jean.souza@smallsmart.city",
              "Oracle-Tags.CreatedOn": "2020-11-29T19:15:10.663Z"
            },
            "display_name": "VCNcompleta",
            "dns_label": "exemplovcn",
            "freeform_tags": {},
            "id": "ocid1.vcn.oc1.sa-saopaulo-1.amaaaaaacqasm5aauyolosndug7okemzfsdwhzgdf5qivezbydt2dfxm2l4q",
            "ipv6cidr_block": null,
            "ipv6public_cidr_block": null,
            "is_ipv6enabled": null,
            "state": "AVAILABLE",
            "time_created": "2020-11-29 19:15:10.667 +0000 UTC",
            "timeouts": null,
            "vcn_domain_name": "exemplovcn.oraclevcn.com"
          },
          "private": "eyJlMmJmYjczMC1lY2FhLTExZTYtOGY4OC0zNDM2M2JjN2M0YzAiOnsiY3JlYXRlIjoxMjAwMDAwMDAwMDAwLCJkZWxldGUiOjEyMDAwMDAwMDAwMDAsInVwZGF0ZSI6MTIwMDAwMDAwMDAwMH19"
        }
      ]
    }
  ]
}
